// !$*UTF8*$!
{
	archiveVersion = 1;
	classes = {
	};
	objectVersion = 48;
	objects = {

/* Begin PBXBuildFile section */
		77182F7B201B361C00B1610C /* AppDelegate.swift in Sources */ = {isa = PBXBuildFile; fileRef = 77182F72201B361C00B1610C /* AppDelegate.swift */; };
		77182F7C201B361C00B1610C /* art.scnassets in Resources */ = {isa = PBXBuildFile; fileRef = 77182F73201B361C00B1610C /* art.scnassets */; };
		77182F7D201B361C00B1610C /* Assets.xcassets in Resources */ = {isa = PBXBuildFile; fileRef = 77182F74201B361C00B1610C /* Assets.xcassets */; };
		77182F7E201B361C00B1610C /* LaunchScreen.storyboard in Resources */ = {isa = PBXBuildFile; fileRef = 77182F75201B361C00B1610C /* LaunchScreen.storyboard */; };
		77182F7F201B361C00B1610C /* Main.storyboard in Resources */ = {isa = PBXBuildFile; fileRef = 77182F77201B361C00B1610C /* Main.storyboard */; };
		77182F80201B361C00B1610C /* Info.plist in Resources */ = {isa = PBXBuildFile; fileRef = 77182F79201B361C00B1610C /* Info.plist */; };
		77182F81201B361C00B1610C /* ViewController.swift in Sources */ = {isa = PBXBuildFile; fileRef = 77182F7A201B361C00B1610C /* ViewController.swift */; };
/* End PBXBuildFile section */

/* Begin PBXFileReference section */
		77182F72201B361C00B1610C /* AppDelegate.swift */ = {isa = PBXFileReference; fileEncoding = 4; lastKnownFileType = sourcecode.swift; path = AppDelegate.swift; sourceTree = "<group>"; };
		77182F73201B361C00B1610C /* art.scnassets */ = {isa = PBXFileReference; lastKnownFileType = wrapper.scnassets; path = art.scnassets; sourceTree = "<group>"; };
		77182F74201B361C00B1610C /* Assets.xcassets */ = {isa = PBXFileReference; lastKnownFileType = folder.assetcatalog; path = Assets.xcassets; sourceTree = "<group>"; };
		77182F76201B361C00B1610C /* Base */ = {isa = PBXFileReference; lastKnownFileType = file.storyboard; name = Base; path = Base.lproj/LaunchScreen.storyboard; sourceTree = "<group>"; };
		77182F78201B361C00B1610C /* Base */ = {isa = PBXFileReference; lastKnownFileType = file.storyboard; name = Base; path = Base.lproj/Main.storyboard; sourceTree = "<group>"; };
		77182F79201B361C00B1610C /* Info.plist */ = {isa = PBXFileReference; fileEncoding = 4; lastKnownFileType = text.plist.xml; path = Info.plist; sourceTree = "<group>"; };
		77182F7A201B361C00B1610C /* ViewController.swift */ = {isa = PBXFileReference; fileEncoding = 4; lastKnownFileType = sourcecode.swift; path = ViewController.swift; sourceTree = "<group>"; };
		775ED3B31F6D4302004DE713 /* ARIronMan.app */ = {isa = PBXFileReference; explicitFileType = wrapper.application; includeInIndex = 0; path = ARIronMan.app; sourceTree = BUILT_PRODUCTS_DIR; };
/* End PBXFileReference section */

/* Begin PBXFrameworksBuildPhase section */
		775ED3B01F6D4302004DE713 /* Frameworks */ = {
			isa = PBXFrameworksBuildPhase;
			buildActionMask = 2147483647;
			files = (
			);
			runOnlyForDeploymentPostprocessing = 0;
		};
/* End PBXFrameworksBuildPhase section */

/* Begin PBXGroup section */
		77182F71201B361C00B1610C /* ARIronMan */ = {
			isa = PBXGroup;
			children = (
				77182F72201B361C00B1610C /* AppDelegate.swift */,
				77182F73201B361C00B1610C /* art.scnassets */,
				77182F74201B361C00B1610C /* Assets.xcassets */,
				77182F75201B361C00B1610C /* LaunchScreen.storyboard */,
				77182F77201B361C00B1610C /* Main.storyboard */,
				77182F79201B361C00B1610C /* Info.plist */,
				77182F7A201B361C00B1610C /* ViewController.swift */,
			);
			path = ARIronMan;
			sourceTree = "<group>";
		};
		775ED3AA1F6D4301004DE713 = {
			isa = PBXGroup;
			children = (
				77182F71201B361C00B1610C /* ARIronMan */,
				775ED3B41F6D4302004DE713 /* Products */,
			);
			sourceTree = "<group>";
		};
		775ED3B41F6D4302004DE713 /* Products */ = {
			isa = PBXGroup;
			children = (
				775ED3B31F6D4302004DE713 /* ARIronMan.app */,
			);
			name = Products;
			sourceTree = "<group>";
		};
/* End PBXGroup section */

/* Begin PBXNativeTarget section */
		775ED3B21F6D4302004DE713 /* ARIronMan */ = {
			isa = PBXNativeTarget;
			buildConfigurationList = 775ED3C71F6D4303004DE713 /* Build configuration list for PBXNativeTarget "ARIronMan" */;
			buildPhases = (
				775ED3AF1F6D4302004DE713 /* Sources */,
				775ED3B01F6D4302004DE713 /* Frameworks */,
				775ED3B11F6D4302004DE713 /* Resources */,
			);
			buildRules = (
			);
			dependencies = (
			);
			name = ARIronMan;
			productName = MTARKitDemoWithSceneKit;
			productReference = 775ED3B31F6D4302004DE713 /* ARIronMan.app */;
			productType = "com.apple.product-type.application";
		};
/* End PBXNativeTarget section */

/* Begin PBXProject section */
		775ED3AB1F6D4301004DE713 /* Project object */ = {
			isa = PBXProject;
			attributes = {
				LastSwiftUpdateCheck = 0900;
				LastUpgradeCheck = 0900;
				ORGANIZATIONNAME = "Mallow Technologies Private Limited";
				TargetAttributes = {
					775ED3B21F6D4302004DE713 = {
						CreatedOnToolsVersion = 9.0;
						ProvisioningStyle = Automatic;
					};
				};
			};
			buildConfigurationList = 775ED3AE1F6D4301004DE713 /* Build configuration list for PBXProject "ARIronMan" */;
			compatibilityVersion = "Xcode 8.0";
			developmentRegion = en;
			hasScannedForEncodings = 0;
			knownRegions = (
				en,
				Base,
			);
			mainGroup = 775ED3AA1F6D4301004DE713;
			productRefGroup = 775ED3B41F6D4302004DE713 /* Products */;
			projectDirPath = "";
			projectRoot = "";
			targets = (
				775ED3B21F6D4302004DE713 /* ARIronMan */,
			);
		};
/* End PBXProject section */

/* Begin PBXResourcesBuildPhase section */
		775ED3B11F6D4302004DE713 /* Resources */ = {
			isa = PBXResourcesBuildPhase;
			buildActionMask = 2147483647;
			files = (
				77182F7E201B361C00B1610C /* LaunchScreen.storyboard in Resources */,
				77182F7D201B361C00B1610C /* Assets.xcassets in Resources */,
				77182F7C201B361C00B1610C /* art.scnassets in Resources */,
				77182F80201B361C00B1610C /* Info.plist in Resources */,
				77182F7F201B361C00B1610C /* Main.storyboard in Resources */,
			);
			runOnlyForDeploymentPostprocessing = 0;
		};
/* End PBXResourcesBuildPhase section */

/* Begin PBXSourcesBuildPhase section */
		775ED3AF1F6D4302004DE713 /* Sources */ = {
			isa = PBXSourcesBuildPhase;
			buildActionMask = 2147483647;
			files = (
				77182F81201B361C00B1610C /* ViewController.swift in Sources */,
				77182F7B201B361C00B1610C /* AppDelegate.swift in Sources */,
			);
			runOnlyForDeploymentPostprocessing = 0;
		};
/* End PBXSourcesBuildPhase section */

/* Begin PBXVariantGroup section */
		77182F75201B361C00B1610C /* LaunchScreen.storyboard */ = {
			isa = PBXVariantGroup;
			children = (
				77182F76201B361C00B1610C /* Base */,
			);
			name = LaunchScreen.storyboard;
			sourceTree = "<group>";
		};
		77182F77201B361C00B1610C /* Main.storyboard */ = {
			isa = PBXVariantGroup;
			children = (
				77182F78201B361C00B1610C /* Base */,
			);
			name = Main.storyboard;
			sourceTree = "<group>";
		};
/* End PBXVariantGroup section */

/* Begin XCBuildConfiguration section */
		775ED3C51F6D4303004DE713 /* Debug */ = {
			isa = XCBuildConfiguration;
			buildSettings = {
				ALWAYS_SEARCH_USER_PATHS = NO;
				CLANG_ANALYZER_NONNULL = YES;
				CLANG_ANALYZER_NUMBER_OBJECT_CONVERSION = YES_AGGRESSIVE;
				CLANG_CXX_LANGUAGE_STANDARD = "gnu++14";
				CLANG_CXX_LIBRARY = "libc++";
				CLANG_ENABLE_MODULES = YES;
				CLANG_ENABLE_OBJC_ARC = YES;
				CLANG_WARN_BLOCK_CAPTURE_AUTORELEASING = YES;
				CLANG_WARN_BOOL_CONVERSION = YES;
				CLANG_WARN_COMMA = YES;
				CLANG_WARN_CONSTANT_CONVERSION = YES;
				CLANG_WARN_DIRECT_OBJC_ISA_USAGE = YES_ERROR;
				CLANG_WARN_DOCUMENTATION_COMMENTS = YES;
				CLANG_WARN_EMPTY_BODY = YES;
				CLANG_WARN_ENUM_CONVERSION = YES;
				CLANG_WARN_INFINITE_RECURSION = YES;
				CLANG_WARN_INT_CONVERSION = YES;
				CLANG_WARN_NON_LITERAL_NULL_CONVERSION = YES;
				CLANG_WARN_OBJC_LITERAL_CONVERSION = YES;
				CLANG_WARN_OBJC_ROOT_CLASS = YES_ERROR;
				CLANG_WARN_RANGE_LOOP_ANALYSIS = YES;
				CLANG_WARN_STRICT_PROTOTYPES = YES;
				CLANG_WARN_SUSPICIOUS_MOVE = YES;
				CLANG_WARN_UNGUARDED_AVAILABILITY = YES_AGGRESSIVE;
				CLANG_WARN_UNREACHABLE_CODE = YES;
				CLANG_WARN__DUPLICATE_METHOD_MATCH = YES;
				CODE_SIGN_IDENTITY = "iPhone Developer";
				COPY_PHASE_STRIP = NO;
				DEBUG_INFORMATION_FORMAT = dwarf;
				ENABLE_STRICT_OBJC_MSGSEND = YES;
				ENABLE_TESTABILITY = YES;
				GCC_C_LANGUAGE_STANDARD = gnu11;
				GCC_DYNAMIC_NO_PIC = NO;
				GCC_NO_COMMON_BLOCKS = YES;
				GCC_OPTIMIZATION_LEVEL = 0;
				GCC_PREPROCESSOR_DEFINITIONS = (
					"DEBUG=1",
					"$(inherited)",
				);
				GCC_WARN_64_TO_32_BIT_CONVERSION = YES;
				GCC_WARN_ABOUT_RETURN_TYPE = YES_ERROR;
				GCC_WARN_UNDECLARED_SELECTOR = YES;
				GCC_WARN_UNINITIALIZED_AUTOS = YES_AGGRESSIVE;
				GCC_WARN_UNUSED_FUNCTION = YES;
				GCC_WARN_UNUSED_VARIABLE = YES;
				IPHONEOS_DEPLOYMENT_TARGET = 11.0;
				MTL_ENABLE_DEBUG_INFO = YES;
				ONLY_ACTIVE_ARCH = YES;
				SDKROOT = iphoneos;
				SWIFT_ACTIVE_COMPILATION_CONDITIONS = DEBUG;
				SWIFT_OPTIMIZATION_LEVEL = "-Onone";
			};
			name = Debug;
		};
		775ED3C61F6D4303004DE713 /* Release */ = {
			isa = XCBuildConfiguration;
			buildSettings = {
				ALWAYS_SEARCH_USER_PATHS = NO;
				CLANG_ANALYZER_NONNULL = YES;
				CLANG_ANALYZER_NUMBER_OBJECT_CONVERSION = YES_AGGRESSIVE;
				CLANG_CXX_LANGUAGE_STANDARD = "gnu++14";
				CLANG_CXX_LIBRARY = "libc++";
				CLANG_ENABLE_MODULES = YES;
				CLANG_ENABLE_OBJC_ARC = YES;
				CLANG_WARN_BLOCK_CAPTURE_AUTORELEASING = YES;
				CLANG_WARN_BOOL_CONVERSION = YES;
				CLANG_WARN_COMMA = YES;
				CLANG_WARN_CONSTANT_CONVERSION = YES;
				CLANG_WARN_DIRECT_OBJC_ISA_USAGE = YES_ERROR;
				CLANG_WARN_DOCUMENTATION_COMMENTS = YES;
				CLANG_WARN_EMPTY_BODY = YES;
				CLANG_WARN_ENUM_CONVERSION = YES;
				CLANG_WARN_INFINITE_RECURSION = YES;
				CLANG_WARN_INT_CONVERSION = YES;
				CLANG_WARN_NON_LITERAL_NULL_CONVERSION = YES;
				CLANG_WARN_OBJC_LITERAL_CONVERSION = YES;
				CLANG_WARN_OBJC_ROOT_CLASS = YES_ERROR;
				CLANG_WARN_RANGE_LOOP_ANALYSIS = YES;
				CLANG_WARN_STRICT_PROTOTYPES = YES;
				CLANG_WARN_SUSPICIOUS_MOVE = YES;
				CLANG_WARN_UNGUARDED_AVAILABILITY = YES_AGGRESSIVE;
				CLANG_WARN_UNREACHABLE_CODE = YES;
				CLANG_WARN__DUPLICATE_METHOD_MATCH = YES;
				CODE_SIGN_IDENTITY = "iPhone Developer";
				COPY_PHASE_STRIP = NO;
				DEBUG_INFORMATION_FORMAT = "dwarf-with-dsym";
				ENABLE_NS_ASSERTIONS = NO;
				ENABLE_STRICT_OBJC_MSGSEND = YES;
				GCC_C_LANGUAGE_STANDARD = gnu11;
				GCC_NO_COMMON_BLOCKS = YES;
				GCC_WARN_64_TO_32_BIT_CONVERSION = YES;
				GCC_WARN_ABOUT_RETURN_TYPE = YES_ERROR;
				GCC_WARN_UNDECLARED_SELECTOR = YES;
				GCC_WARN_UNINITIALIZED_AUTOS = YES_AGGRESSIVE;
				GCC_WARN_UNUSED_FUNCTION = YES;
				GCC_WARN_UNUSED_VARIABLE = YES;
				IPHONEOS_DEPLOYMENT_TARGET = 11.0;
				MTL_ENABLE_DEBUG_INFO = NO;
				SDKROOT = iphoneos;
				SWIFT_OPTIMIZATION_LEVEL = "-Owholemodule";
				VALIDATE_PRODUCT = YES;
			};
			name = Release;
		};
		775ED3C81F6D4303004DE713 /* Debug */ = {
			isa = XCBuildConfiguration;
			buildSettings = {
				ASSETCATALOG_COMPILER_APPICON_NAME = AppIcon;
				"CODE_SIGN_IDENTITY[sdk=iphoneos*]" = "iPhone Developer";
				CODE_SIGN_STYLE = Automatic;
				DEVELOPMENT_TEAM = 3RHR7K3FP7;
				INFOPLIST_FILE = "$(SRCROOT)/ARIronMan/Info.plist";
				LD_RUNPATH_SEARCH_PATHS = "$(inherited) @executable_path/Frameworks";
				PRODUCT_BUNDLE_IDENTIFIER = com.mallowtech.MTARKitDemoWithSceneKit;
				PRODUCT_NAME = "$(TARGET_NAME)";
				PROVISIONING_PROFILE_SPECIFIER = "";
				SWIFT_VERSION = 4.0;
				TARGETED_DEVICE_FAMILY = "1,2";
			};
			name = Debug;
		};
		775ED3C91F6D4303004DE713 /* Release */ = {
			isa = XCBuildConfiguration;
			buildSettings = {
				ASSETCATALOG_COMPILER_APPICON_NAME = AppIcon;
				"CODE_SIGN_IDENTITY[sdk=iphoneos*]" = "iPhone Developer";
				CODE_SIGN_STYLE = Automatic;
				DEVELOPMENT_TEAM = 3RHR7K3FP7;
				INFOPLIST_FILE = "$(SRCROOT)/ARIronMan/Info.plist";
				LD_RUNPATH_SEARCH_PATHS = "$(inherited) @executable_path/Frameworks";
				PRODUCT_BUNDLE_IDENTIFIER = com.mallowtech.MTARKitDemoWithSceneKit;
				PRODUCT_NAME = "$(TARGET_NAME)";
				PROVISIONING_PROFILE_SPECIFIER = "";
				SWIFT_VERSION = 4.0;
				TARGETED_DEVICE_FAMILY = "1,2";
			};
			name = Release;
		};
/* End XCBuildConfiguration section */

/* Begin XCConfigurationList section */
		775ED3AE1F6D4301004DE713 /* Build configuration list for PBXProject "ARIronMan" */ = {
			isa = XCConfigurationList;
			buildConfigurations = (
				775ED3C51F6D4303004DE713 /* Debug */,
				775ED3C61F6D4303004DE713 /* Release */,
			);
			defaultConfigurationIsVisible = 0;
			defaultConfigurationName = Release;
		};
		775ED3C71F6D4303004DE713 /* Build configuration list for PBXNativeTarget "ARIronMan" */ = {
			isa = XCConfigurationList;
			buildConfigurations = (
				775ED3C81F6D4303004DE713 /* Debug */,
				775ED3C91F6D4303004DE713 /* Release */,
			);
			defaultConfigurationIsVisible = 0;
			defaultConfigurationName = Release;
		};
/* End XCConfigurationList section */
	};
	rootObject = 775ED3AB1F6D4301004DE713 /* Project object */;
}
